// !$*UTF8*$!
{
	archiveVersion = 1;
	classes = {
	};
	objectVersion = 56;
	objects = {

/* Begin PBXBuildFile section */
		D34770A02C8B30BF0094ADEB /* AppDelegate.swift in Sources */ = {isa = PBXBuildFile; fileRef = D347709F2C8B30BF0094ADEB /* AppDelegate.swift */; };
		D34770A42C8B30BF0094ADEB /* MainViewController.swift in Sources */ = {isa = PBXBuildFile; fileRef = D34770A32C8B30BF0094ADEB /* MainViewController.swift */; };
		D34770A92C8B30C10094ADEB /* Assets.xcassets in Resources */ = {isa = PBXBuildFile; fileRef = D34770A82C8B30C10094ADEB /* Assets.xcassets */; };
		D34770AC2C8B30C10094ADEB /* Base in Resources */ = {isa = PBXBuildFile; fileRef = D34770AB2C8B30C10094ADEB /* Base */; };
		D34770B42C8B343B0094ADEB /* TabBarController.swift in Sources */ = {isa = PBXBuildFile; fileRef = D34770B32C8B343B0094ADEB /* TabBarController.swift */; };
		D34770B62C8B35130094ADEB /* ForecastViewController.swift in Sources */ = {isa = PBXBuildFile; fileRef = D34770B52C8B35130094ADEB /* ForecastViewController.swift */; };
		D34770B82C8B3A010094ADEB /* WeatherViewModel.swift in Sources */ = {isa = PBXBuildFile; fileRef = D34770B72C8B3A010094ADEB /* WeatherViewModel.swift */; };
		D34770BA2C8B3E580094ADEB /* Weather.swift in Sources */ = {isa = PBXBuildFile; fileRef = D34770B92C8B3E580094ADEB /* Weather.swift */; };
		D34770BC2C8B3F0C0094ADEB /* WeatherService.swift in Sources */ = {isa = PBXBuildFile; fileRef = D34770BB2C8B3F0C0094ADEB /* WeatherService.swift */; };
		D34770BE2C8B45FE0094ADEB /* LocationManager.swift in Sources */ = {isa = PBXBuildFile; fileRef = D34770BD2C8B45FE0094ADEB /* LocationManager.swift */; };
		D34770C12C8DC86D0094ADEB /* lcblowzy_.ttf in Resources */ = {isa = PBXBuildFile; fileRef = D34770C02C8DC6C00094ADEB /* lcblowzy_.ttf */; };
		D34770C32C8DCC870094ADEB /* ofont.ru_a_BosaNovaSh.ttf in Resources */ = {isa = PBXBuildFile; fileRef = D34770C22C8DCC0B0094ADEB /* ofont.ru_a_BosaNovaSh.ttf */; };
		D34770C52C8DCD010094ADEB /* ofont.ru_FrankC.ttf in Resources */ = {isa = PBXBuildFile; fileRef = D34770C42C8DCCF50094ADEB /* ofont.ru_FrankC.ttf */; };
/* End PBXBuildFile section */

/* Begin PBXFileReference section */
		D347709C2C8B30BF0094ADEB /* Weather API.app */ = {isa = PBXFileReference; explicitFileType = wrapper.application; includeInIndex = 0; path = "Weather API.app"; sourceTree = BUILT_PRODUCTS_DIR; };
		D347709F2C8B30BF0094ADEB /* AppDelegate.swift */ = {isa = PBXFileReference; lastKnownFileType = sourcecode.swift; path = AppDelegate.swift; sourceTree = "<group>"; };
		D34770A32C8B30BF0094ADEB /* MainViewController.swift */ = {isa = PBXFileReference; lastKnownFileType = sourcecode.swift; path = MainViewController.swift; sourceTree = "<group>"; };
		D34770A82C8B30C10094ADEB /* Assets.xcassets */ = {isa = PBXFileReference; lastKnownFileType = folder.assetcatalog; path = Assets.xcassets; sourceTree = "<group>"; };
		D34770AB2C8B30C10094ADEB /* Base */ = {isa = PBXFileReference; lastKnownFileType = file.storyboard; name = Base; path = Base.lproj/LaunchScreen.storyboard; sourceTree = "<group>"; };
		D34770AD2C8B30C10094ADEB /* Info.plist */ = {isa = PBXFileReference; lastKnownFileType = text.plist.xml; path = Info.plist; sourceTree = "<group>"; };
		D34770B32C8B343B0094ADEB /* TabBarController.swift */ = {isa = PBXFileReference; lastKnownFileType = sourcecode.swift; path = TabBarController.swift; sourceTree = "<group>"; };
		D34770B52C8B35130094ADEB /* ForecastViewController.swift */ = {isa = PBXFileReference; lastKnownFileType = sourcecode.swift; path = ForecastViewController.swift; sourceTree = "<group>"; };
		D34770B72C8B3A010094ADEB /* WeatherViewModel.swift */ = {isa = PBXFileReference; lastKnownFileType = sourcecode.swift; path = WeatherViewModel.swift; sourceTree = "<group>"; };
		D34770B92C8B3E580094ADEB /* Weather.swift */ = {isa = PBXFileReference; lastKnownFileType = sourcecode.swift; path = Weather.swift; sourceTree = "<group>"; };
		D34770BB2C8B3F0C0094ADEB /* WeatherService.swift */ = {isa = PBXFileReference; lastKnownFileType = sourcecode.swift; path = WeatherService.swift; sourceTree = "<group>"; };
		D34770BD2C8B45FE0094ADEB /* LocationManager.swift */ = {isa = PBXFileReference; lastKnownFileType = sourcecode.swift; path = LocationManager.swift; sourceTree = "<group>"; };
		D34770C02C8DC6C00094ADEB /* lcblowzy_.ttf */ = {isa = PBXFileReference; lastKnownFileType = file; path = lcblowzy_.ttf; sourceTree = "<group>"; };
		D34770C22C8DCC0B0094ADEB /* ofont.ru_a_BosaNovaSh.ttf */ = {isa = PBXFileReference; lastKnownFileType = file; path = ofont.ru_a_BosaNovaSh.ttf; sourceTree = "<group>"; };
		D34770C42C8DCCF50094ADEB /* ofont.ru_FrankC.ttf */ = {isa = PBXFileReference; lastKnownFileType = file; path = ofont.ru_FrankC.ttf; sourceTree = "<group>"; };
/* End PBXFileReference section */

/* Begin PBXFrameworksBuildPhase section */
		D34770992C8B30BF0094ADEB /* Frameworks */ = {
			isa = PBXFrameworksBuildPhase;
			buildActionMask = 2147483647;
			files = (
			);
			runOnlyForDeploymentPostprocessing = 0;
		};
/* End PBXFrameworksBuildPhase section */

/* Begin PBXGroup section */
		D34770932C8B30BF0094ADEB = {
			isa = PBXGroup;
			children = (
				D347709E2C8B30BF0094ADEB /* Weather API */,
				D347709D2C8B30BF0094ADEB /* Products */,
			);
			sourceTree = "<group>";
		};
		D347709D2C8B30BF0094ADEB /* Products */ = {
			isa = PBXGroup;
			children = (
				D347709C2C8B30BF0094ADEB /* Weather API.app */,
			);
			name = Products;
			sourceTree = "<group>";
		};
		D347709E2C8B30BF0094ADEB /* Weather API */ = {
			isa = PBXGroup;
			children = (
				D34770CC2C8DD8960094ADEB /* Application */,
				D34770C62C8DD7DC0094ADEB /* Model */,
				D34770C82C8DD81F0094ADEB /* View */,
				D34770C92C8DD82F0094ADEB /* ViewModel */,
				D34770CA2C8DD8460094ADEB /* TabBar */,
				D34770C72C8DD8010094ADEB /* Services */,
				D34770CB2C8DD8650094ADEB /* Resource */,
				D34770AD2C8B30C10094ADEB /* Info.plist */,
			);
			path = "Weather API";
			sourceTree = "<group>";
		};
		D34770C62C8DD7DC0094ADEB /* Model */ = {
			isa = PBXGroup;
			children = (
				D34770B92C8B3E580094ADEB /* Weather.swift */,
			);
			path = Model;
			sourceTree = "<group>";
		};
		D34770C72C8DD8010094ADEB /* Services */ = {
			isa = PBXGroup;
			children = (
				D34770BB2C8B3F0C0094ADEB /* WeatherService.swift */,
				D34770BD2C8B45FE0094ADEB /* LocationManager.swift */,
			);
			path = Services;
			sourceTree = "<group>";
		};
		D34770C82C8DD81F0094ADEB /* View */ = {
			isa = PBXGroup;
			children = (
				D34770A32C8B30BF0094ADEB /* MainViewController.swift */,
				D34770B52C8B35130094ADEB /* ForecastViewController.swift */,
			);
			path = View;
			sourceTree = "<group>";
		};
		D34770C92C8DD82F0094ADEB /* ViewModel */ = {
			isa = PBXGroup;
			children = (
				D34770B72C8B3A010094ADEB /* WeatherViewModel.swift */,
			);
			path = ViewModel;
			sourceTree = "<group>";
		};
		D34770CA2C8DD8460094ADEB /* TabBar */ = {
			isa = PBXGroup;
			children = (
				D34770B32C8B343B0094ADEB /* TabBarController.swift */,
			);
			path = TabBar;
			sourceTree = "<group>";
		};
		D34770CB2C8DD8650094ADEB /* Resource */ = {
			isa = PBXGroup;
			children = (
				D34770A82C8B30C10094ADEB /* Assets.xcassets */,
				D34770AA2C8B30C10094ADEB /* LaunchScreen.storyboard */,
				D34770C02C8DC6C00094ADEB /* lcblowzy_.ttf */,
				D34770C22C8DCC0B0094ADEB /* ofont.ru_a_BosaNovaSh.ttf */,
				D34770C42C8DCCF50094ADEB /* ofont.ru_FrankC.ttf */,
			);
			path = Resource;
			sourceTree = "<group>";
		};
		D34770CC2C8DD8960094ADEB /* Application */ = {
			isa = PBXGroup;
			children = (
				D347709F2C8B30BF0094ADEB /* AppDelegate.swift */,
			);
			path = Application;
			sourceTree = "<group>";
		};
/* End PBXGroup section */

/* Begin PBXNativeTarget section */
		D347709B2C8B30BF0094ADEB /* Weather API */ = {
			isa = PBXNativeTarget;
			buildConfigurationList = D34770B02C8B30C10094ADEB /* Build configuration list for PBXNativeTarget "Weather API" */;
			buildPhases = (
				D34770982C8B30BF0094ADEB /* Sources */,
				D34770992C8B30BF0094ADEB /* Frameworks */,
				D347709A2C8B30BF0094ADEB /* Resources */,
			);
			buildRules = (
			);
			dependencies = (
			);
			name = "Weather API";
			productName = "Weather API";
			productReference = D347709C2C8B30BF0094ADEB /* Weather API.app */;
			productType = "com.apple.product-type.application";
		};
/* End PBXNativeTarget section */

/* Begin PBXProject section */
		D34770942C8B30BF0094ADEB /* Project object */ = {
			isa = PBXProject;
			attributes = {
				BuildIndependentTargetsInParallel = 1;
				LastSwiftUpdateCheck = 1540;
				LastUpgradeCheck = 1540;
				TargetAttributes = {
					D347709B2C8B30BF0094ADEB = {
						CreatedOnToolsVersion = 15.4;
					};
				};
			};
			buildConfigurationList = D34770972C8B30BF0094ADEB /* Build configuration list for PBXProject "Weather API" */;
			compatibilityVersion = "Xcode 14.0";
			developmentRegion = en;
			hasScannedForEncodings = 0;
			knownRegions = (
				en,
				Base,
			);
			mainGroup = D34770932C8B30BF0094ADEB;
			productRefGroup = D347709D2C8B30BF0094ADEB /* Products */;
			projectDirPath = "";
			projectRoot = "";
			targets = (
				D347709B2C8B30BF0094ADEB /* Weather API */,
			);
		};
/* End PBXProject section */

/* Begin PBXResourcesBuildPhase section */
		D347709A2C8B30BF0094ADEB /* Resources */ = {
			isa = PBXResourcesBuildPhase;
			buildActionMask = 2147483647;
			files = (
				D34770A92C8B30C10094ADEB /* Assets.xcassets in Resources */,
				D34770AC2C8B30C10094ADEB /* Base in Resources */,
				D34770C52C8DCD010094ADEB /* ofont.ru_FrankC.ttf in Resources */,
				D34770C12C8DC86D0094ADEB /* lcblowzy_.ttf in Resources */,
				D34770C32C8DCC870094ADEB /* ofont.ru_a_BosaNovaSh.ttf in Resources */,
			);
			runOnlyForDeploymentPostprocessing = 0;
		};
/* End PBXResourcesBuildPhase section */

/* Begin PBXSourcesBuildPhase section */
		D34770982C8B30BF0094ADEB /* Sources */ = {
			isa = PBXSourcesBuildPhase;
			buildActionMask = 2147483647;
			files = (
				D34770B82C8B3A010094ADEB /* WeatherViewModel.swift in Sources */,
				D34770B42C8B343B0094ADEB /* TabBarController.swift in Sources */,
				D34770B62C8B35130094ADEB /* ForecastViewController.swift in Sources */,
				D34770A42C8B30BF0094ADEB /* MainViewController.swift in Sources */,
				D34770BE2C8B45FE0094ADEB /* LocationManager.swift in Sources */,
				D34770BA2C8B3E580094ADEB /* Weather.swift in Sources */,
				D34770A02C8B30BF0094ADEB /* AppDelegate.swift in Sources */,
				D34770BC2C8B3F0C0094ADEB /* WeatherService.swift in Sources */,
			);
			runOnlyForDeploymentPostprocessing = 0;
		};
/* End PBXSourcesBuildPhase section */

/* Begin PBXVariantGroup section */
		D34770AA2C8B30C10094ADEB /* LaunchScreen.storyboard */ = {
			isa = PBXVariantGroup;
			children = (
				D34770AB2C8B30C10094ADEB /* Base */,
			);
			name = LaunchScreen.storyboard;
			sourceTree = "<group>";
		};
/* End PBXVariantGroup section */

/* Begin XCBuildConfiguration section */
		D34770AE2C8B30C10094ADEB /* Debug */ = {
			isa = XCBuildConfiguration;
			buildSettings = {
				ALWAYS_SEARCH_USER_PATHS = NO;
				ASSETCATALOG_COMPILER_GENERATE_SWIFT_ASSET_SYMBOL_EXTENSIONS = YES;
				CLANG_ANALYZER_NONNULL = YES;
				CLANG_ANALYZER_NUMBER_OBJECT_CONVERSION = YES_AGGRESSIVE;
				CLANG_CXX_LANGUAGE_STANDARD = "gnu++20";
				CLANG_ENABLE_MODULES = YES;
				CLANG_ENABLE_OBJC_ARC = YES;
				CLANG_ENABLE_OBJC_WEAK = YES;
				CLANG_WARN_BLOCK_CAPTURE_AUTORELEASING = YES;
				CLANG_WARN_BOOL_CONVERSION = YES;
				CLANG_WARN_COMMA = YES;
				CLANG_WARN_CONSTANT_CONVERSION = YES;
				CLANG_WARN_DEPRECATED_OBJC_IMPLEMENTATIONS = YES;
				CLANG_WARN_DIRECT_OBJC_ISA_USAGE = YES_ERROR;
				CLANG_WARN_DOCUMENTATION_COMMENTS = YES;
				CLANG_WARN_EMPTY_BODY = YES;
				CLANG_WARN_ENUM_CONVERSION = YES;
				CLANG_WARN_INFINITE_RECURSION = YES;
				CLANG_WARN_INT_CONVERSION = YES;
				CLANG_WARN_NON_LITERAL_NULL_CONVERSION = YES;
				CLANG_WARN_OBJC_IMPLICIT_RETAIN_SELF = YES;
				CLANG_WARN_OBJC_LITERAL_CONVERSION = YES;
				CLANG_WARN_OBJC_ROOT_CLASS = YES_ERROR;
				CLANG_WARN_QUOTED_INCLUDE_IN_FRAMEWORK_HEADER = YES;
				CLANG_WARN_RANGE_LOOP_ANALYSIS = YES;
				CLANG_WARN_STRICT_PROTOTYPES = YES;
				CLANG_WARN_SUSPICIOUS_MOVE = YES;
				CLANG_WARN_UNGUARDED_AVAILABILITY = YES_AGGRESSIVE;
				CLANG_WARN_UNREACHABLE_CODE = YES;
				CLANG_WARN__DUPLICATE_METHOD_MATCH = YES;
				COPY_PHASE_STRIP = NO;
				DEBUG_INFORMATION_FORMAT = dwarf;
				ENABLE_STRICT_OBJC_MSGSEND = YES;
				ENABLE_TESTABILITY = YES;
				ENABLE_USER_SCRIPT_SANDBOXING = YES;
				GCC_C_LANGUAGE_STANDARD = gnu17;
				GCC_DYNAMIC_NO_PIC = NO;
				GCC_NO_COMMON_BLOCKS = YES;
				GCC_OPTIMIZATION_LEVEL = 0;
				GCC_PREPROCESSOR_DEFINITIONS = (
					"DEBUG=1",
					"$(inherited)",
				);
				GCC_WARN_64_TO_32_BIT_CONVERSION = YES;
				GCC_WARN_ABOUT_RETURN_TYPE = YES_ERROR;
				GCC_WARN_UNDECLARED_SELECTOR = YES;
				GCC_WARN_UNINITIALIZED_AUTOS = YES_AGGRESSIVE;
				GCC_WARN_UNUSED_FUNCTION = YES;
				GCC_WARN_UNUSED_VARIABLE = YES;
				IPHONEOS_DEPLOYMENT_TARGET = 17.5;
				LOCALIZATION_PREFERS_STRING_CATALOGS = YES;
				MTL_ENABLE_DEBUG_INFO = INCLUDE_SOURCE;
				MTL_FAST_MATH = YES;
				ONLY_ACTIVE_ARCH = YES;
				SDKROOT = iphoneos;
				SWIFT_ACTIVE_COMPILATION_CONDITIONS = "DEBUG $(inherited)";
				SWIFT_OPTIMIZATION_LEVEL = "-Onone";
			};
			name = Debug;
		};
		D34770AF2C8B30C10094ADEB /* Release */ = {
			isa = XCBuildConfiguration;
			buildSettings = {
				ALWAYS_SEARCH_USER_PATHS = NO;
				ASSETCATALOG_COMPILER_GENERATE_SWIFT_ASSET_SYMBOL_EXTENSIONS = YES;
				CLANG_ANALYZER_NONNULL = YES;
				CLANG_ANALYZER_NUMBER_OBJECT_CONVERSION = YES_AGGRESSIVE;
				CLANG_CXX_LANGUAGE_STANDARD = "gnu++20";
				CLANG_ENABLE_MODULES = YES;
				CLANG_ENABLE_OBJC_ARC = YES;
				CLANG_ENABLE_OBJC_WEAK = YES;
				CLANG_WARN_BLOCK_CAPTURE_AUTORELEASING = YES;
				CLANG_WARN_BOOL_CONVERSION = YES;
				CLANG_WARN_COMMA = YES;
				CLANG_WARN_CONSTANT_CONVERSION = YES;
				CLANG_WARN_DEPRECATED_OBJC_IMPLEMENTATIONS = YES;
				CLANG_WARN_DIRECT_OBJC_ISA_USAGE = YES_ERROR;
				CLANG_WARN_DOCUMENTATION_COMMENTS = YES;
				CLANG_WARN_EMPTY_BODY = YES;
				CLANG_WARN_ENUM_CONVERSION = YES;
				CLANG_WARN_INFINITE_RECURSION = YES;
				CLANG_WARN_INT_CONVERSION = YES;
				CLANG_WARN_NON_LITERAL_NULL_CONVERSION = YES;
				CLANG_WARN_OBJC_IMPLICIT_RETAIN_SELF = YES;
				CLANG_WARN_OBJC_LITERAL_CONVERSION = YES;
				CLANG_WARN_OBJC_ROOT_CLASS = YES_ERROR;
				CLANG_WARN_QUOTED_INCLUDE_IN_FRAMEWORK_HEADER = YES;
				CLANG_WARN_RANGE_LOOP_ANALYSIS = YES;
				CLANG_WARN_STRICT_PROTOTYPES = YES;
				CLANG_WARN_SUSPICIOUS_MOVE = YES;
				CLANG_WARN_UNGUARDED_AVAILABILITY = YES_AGGRESSIVE;
				CLANG_WARN_UNREACHABLE_CODE = YES;
				CLANG_WARN__DUPLICATE_METHOD_MATCH = YES;
				COPY_PHASE_STRIP = NO;
				DEBUG_INFORMATION_FORMAT = "dwarf-with-dsym";
				ENABLE_NS_ASSERTIONS = NO;
				ENABLE_STRICT_OBJC_MSGSEND = YES;
				ENABLE_USER_SCRIPT_SANDBOXING = YES;
				GCC_C_LANGUAGE_STANDARD = gnu17;
				GCC_NO_COMMON_BLOCKS = YES;
				GCC_WARN_64_TO_32_BIT_CONVERSION = YES;
				GCC_WARN_ABOUT_RETURN_TYPE = YES_ERROR;
				GCC_WARN_UNDECLARED_SELECTOR = YES;
				GCC_WARN_UNINITIALIZED_AUTOS = YES_AGGRESSIVE;
				GCC_WARN_UNUSED_FUNCTION = YES;
				GCC_WARN_UNUSED_VARIABLE = YES;
				IPHONEOS_DEPLOYMENT_TARGET = 17.5;
				LOCALIZATION_PREFERS_STRING_CATALOGS = YES;
				MTL_ENABLE_DEBUG_INFO = NO;
				MTL_FAST_MATH = YES;
				SDKROOT = iphoneos;
				SWIFT_COMPILATION_MODE = wholemodule;
				VALIDATE_PRODUCT = YES;
			};
			name = Release;
		};
		D34770B12C8B30C10094ADEB /* Debug */ = {
			isa = XCBuildConfiguration;
			buildSettings = {
				ASSETCATALOG_COMPILER_APPICON_NAME = AppIcon;
				ASSETCATALOG_COMPILER_GLOBAL_ACCENT_COLOR_NAME = AccentColor;
				CODE_SIGN_STYLE = Automatic;
				CURRENT_PROJECT_VERSION = 1;
				DEVELOPMENT_TEAM = NJJ6TC72GU;
				GENERATE_INFOPLIST_FILE = YES;
				INFOPLIST_FILE = "Weather API/Info.plist";
				INFOPLIST_KEY_UIApplicationSupportsIndirectInputEvents = YES;
				INFOPLIST_KEY_UILaunchStoryboardName = LaunchScreen;
				INFOPLIST_KEY_UISupportedInterfaceOrientations = UIInterfaceOrientationPortrait;
				INFOPLIST_KEY_UISupportedInterfaceOrientations_iPad = "UIInterfaceOrientationLandscapeLeft UIInterfaceOrientationLandscapeRight UIInterfaceOrientationPortrait UIInterfaceOrientationPortraitUpsideDown";
				IPHONEOS_DEPLOYMENT_TARGET = 17.5;
				LD_RUNPATH_SEARCH_PATHS = (
					"$(inherited)",
					"@executable_path/Frameworks",
				);
				MARKETING_VERSION = 1.0;
				PRODUCT_BUNDLE_IDENTIFIER = "org.balandzin.Weather-API";
				PRODUCT_NAME = "$(TARGET_NAME)";
				SUPPORTED_PLATFORMS = "iphoneos iphonesimulator";
				SUPPORTS_MACCATALYST = NO;
				SUPPORTS_MAC_DESIGNED_FOR_IPHONE_IPAD = NO;
				SUPPORTS_XR_DESIGNED_FOR_IPHONE_IPAD = NO;
				SWIFT_EMIT_LOC_STRINGS = YES;
				SWIFT_VERSION = 5.0;
				TARGETED_DEVICE_FAMILY = 1;
			};
			name = Debug;
		};
		D34770B22C8B30C10094ADEB /* Release */ = {
			isa = XCBuildConfiguration;
			buildSettings = {
				ASSETCATALOG_COMPILER_APPICON_NAME = AppIcon;
				ASSETCATALOG_COMPILER_GLOBAL_ACCENT_COLOR_NAME = AccentColor;
				CODE_SIGN_STYLE = Automatic;
				CURRENT_PROJECT_VERSION = 1;
				DEVELOPMENT_TEAM = NJJ6TC72GU;
				GENERATE_INFOPLIST_FILE = YES;
				INFOPLIST_FILE = "Weather API/Info.plist";
				INFOPLIST_KEY_UIApplicationSupportsIndirectInputEvents = YES;
				INFOPLIST_KEY_UILaunchStoryboardName = LaunchScreen;
				INFOPLIST_KEY_UISupportedInterfaceOrientations = UIInterfaceOrientationPortrait;
				INFOPLIST_KEY_UISupportedInterfaceOrientations_iPad = "UIInterfaceOrientationLandscapeLeft UIInterfaceOrientationLandscapeRight UIInterfaceOrientationPortrait UIInterfaceOrientationPortraitUpsideDown";
				IPHONEOS_DEPLOYMENT_TARGET = 17.5;
				LD_RUNPATH_SEARCH_PATHS = (
					"$(inherited)",
					"@executable_path/Frameworks",
				);
				MARKETING_VERSION = 1.0;
				PRODUCT_BUNDLE_IDENTIFIER = "org.balandzin.Weather-API";
				PRODUCT_NAME = "$(TARGET_NAME)";
				SUPPORTED_PLATFORMS = "iphoneos iphonesimulator";
				SUPPORTS_MACCATALYST = NO;
				SUPPORTS_MAC_DESIGNED_FOR_IPHONE_IPAD = NO;
				SUPPORTS_XR_DESIGNED_FOR_IPHONE_IPAD = NO;
				SWIFT_EMIT_LOC_STRINGS = YES;
				SWIFT_VERSION = 5.0;
				TARGETED_DEVICE_FAMILY = 1;
			};
			name = Release;
		};
/* End XCBuildConfiguration section */

/* Begin XCConfigurationList section */
		D34770972C8B30BF0094ADEB /* Build configuration list for PBXProject "Weather API" */ = {
			isa = XCConfigurationList;
			buildConfigurations = (
				D34770AE2C8B30C10094ADEB /* Debug */,
				D34770AF2C8B30C10094ADEB /* Release */,
			);
			defaultConfigurationIsVisible = 0;
			defaultConfigurationName = Release;
		};
		D34770B02C8B30C10094ADEB /* Build configuration list for PBXNativeTarget "Weather API" */ = {
			isa = XCConfigurationList;
			buildConfigurations = (
				D34770B12C8B30C10094ADEB /* Debug */,
				D34770B22C8B30C10094ADEB /* Release */,
			);
			defaultConfigurationIsVisible = 0;
			defaultConfigurationName = Release;
		};
/* End XCConfigurationList section */
	};
	rootObject = D34770942C8B30BF0094ADEB /* Project object */;
}
